
Microsoft Visual Studio Solution File, Format Version 12.00
# Visual Studio Version 17
VisualStudioVersion = 17.11.35312.102
MinimumVisualStudioVersion = 10.0.40219.1
Project("{9A19103F-16F7-4668-BE54-9A1E7A4F7556}") = "Vezbe", "Vezbe\Vezbe.csproj", "{5C1EA3A1-9CA6-4F1E-A2F4-61A0D4B75E95}"
EndProject
Project("{FAE04EC0-301F-11D3-BF4B-00C04F79EFBC}") = "Vezbe2", "Vezbe2\Vezbe2\Vezbe2.csproj", "{6CC3F775-154A-4052-BDB8-2EA4C7F70825}"
EndProject
Global
	GlobalSection(SolutionConfigurationPlatforms) = preSolution
		Debug|Any CPU = Debug|Any CPU
		Release|Any CPU = Release|Any CPU
	EndGlobalSection
	GlobalSection(ProjectConfigurationPlatforms) = postSolution
		{5C1EA3A1-9CA6-4F1E-A2F4-61A0D4B75E95}.Debug|Any CPU.ActiveCfg = Debug|Any CPU
		{5C1EA3A1-9CA6-4F1E-A2F4-61A0D4B75E95}.Debug|Any CPU.Build.0 = Debug|Any CPU
		{5C1EA3A1-9CA6-4F1E-A2F4-61A0D4B75E95}.Release|Any CPU.ActiveCfg = Release|Any CPU
		{5C1EA3A1-9CA6-4F1E-A2F4-61A0D4B75E95}.Release|Any CPU.Build.0 = Release|Any CPU
		{6CC3F775-154A-4052-BDB8-2EA4C7F70825}.Debug|Any CPU.ActiveCfg = Debug|Any CPU
		{6CC3F775-154A-4052-BDB8-2EA4C7F70825}.Debug|Any CPU.Build.0 = Debug|Any CPU
		{6CC3F775-154A-4052-BDB8-2EA4C7F70825}.Release|Any CPU.ActiveCfg = Release|Any CPU
		{6CC3F775-154A-4052-BDB8-2EA4C7F70825}.Release|Any CPU.Build.0 = Release|Any CPU
	EndGlobalSection
	GlobalSection(SolutionProperties) = preSolution
		HideSolutionNode = FALSE
	EndGlobalSection
	GlobalSection(ExtensibilityGlobals) = postSolution
		SolutionGuid = {C7991FFA-371B-42C9-9172-2FB481A6D7AF}
	EndGlobalSection
EndGlobal
